
Microsoft Visual Studio Solution File, Format Version 12.00
# Visual Studio Version 17
VisualStudioVersion = 17.7.34031.279
MinimumVisualStudioVersion = 10.0.40219.1
Project("{FAE04EC0-301F-11D3-BF4B-00C04F79EFBC}") = "codice_fiscale", "codice_fiscale\codice_fiscale.csproj", "{978D07F2-6101-4625-932B-D37602E5C3C1}"
EndProject
Global
	GlobalSection(SolutionConfigurationPlatforms) = preSolution
		Debug|Any CPU = Debug|Any CPU
		Release|Any CPU = Release|Any CPU
	EndGlobalSection
	GlobalSection(ProjectConfigurationPlatforms) = postSolution
		{978D07F2-6101-4625-932B-D37602E5C3C1}.Debug|Any CPU.ActiveCfg = Debug|Any CPU
		{978D07F2-6101-4625-932B-D37602E5C3C1}.Debug|Any CPU.Build.0 = Debug|Any CPU
		{978D07F2-6101-4625-932B-D37602E5C3C1}.Release|Any CPU.ActiveCfg = Release|Any CPU
		{978D07F2-6101-4625-932B-D37602E5C3C1}.Release|Any CPU.Build.0 = Release|Any CPU
	EndGlobalSection
	GlobalSection(SolutionProperties) = preSolution
		HideSolutionNode = FALSE
	EndGlobalSection
	GlobalSection(ExtensibilityGlobals) = postSolution
		SolutionGuid = {CE2C9FC4-8ED4-4571-A93D-B00E5DBBEA32}
	EndGlobalSection
EndGlobal
